{
  "name": "playwright_automation",
  "version": "1.0.0",
  "lockfileVersion": 3,
  "requires": true,
  "packages": {
    "": {
      "name": "playwright_automation",
      "version": "1.0.0",
      "license": "ISC",
      "devDependencies": {
        "@playwright/test": "^1.29.2-beta-1672991382000"
      }
    },
    "node_modules/@playwright/test": {
      "version": "1.29.2-beta-1672991382000",
      "resolved": "https://registry.npmjs.org/@playwright/test/-/test-1.29.2-beta-1672991382000.tgz",
      "integrity": "sha512-brqYjMXR7RbonnyiiHAoyrtvau/peJgelMD/v1PXE/UcCmCki402Mu7Nn7kkm8o3ajVh8isLKfXGzfjx4xczjg==",
      "dev": true,
      "dependencies": {
        "@types/node": "*",
        "playwright-core": "1.29.2-beta-1672991382000"
      },
      "bin": {
        "playwright": "cli.js"
      },
      "engines": {
        "node": ">=14"
      }
    },
    "node_modules/@types/node": {
      "version": "18.11.18",
      "resolved": "https://registry.npmjs.org/@types/node/-/node-18.11.18.tgz",
      "integrity": "sha512-DHQpWGjyQKSHj3ebjFI/wRKcqQcdR+MoFBygntYOZytCqNfkd2ZC4ARDJ2DQqhjH5p85Nnd3jhUJIXrszFX/JA==",
      "dev": true
    },
    "node_modules/playwright-core": {
      "version": "1.29.2-beta-1672991382000",
      "resolved": "https://registry.npmjs.org/playwright-core/-/playwright-core-1.29.2-beta-1672991382000.tgz",
      "integrity": "sha512-PaG3nQWoJzGe43hXg5GV7arVfCvPhTCVepPDlmUbsO4UVpsUZnVPm00/1njyHgNP0Mst4pWeFFOxi0zT9yL0/Q==",
      "dev": true,
      "bin": {
        "playwright": "cli.js"
      },
      "engines": {
        "node": ">=14"
      }
    }
  }
}
